
Microsoft Visual Studio Solution File, Format Version 12.00
# Visual Studio Version 16
VisualStudioVersion = 16.0.31321.278
MinimumVisualStudioVersion = 10.0.40219.1
Project("{FAE04EC0-301F-11D3-BF4B-00C04F79EFBC}") = "Subnautica Modloader", "Subnautica Modloader.csproj", "{D4AC73A5-53BF-4C0E-AEFD-245808DBC7B1}"
EndProject
Project("{2150E333-8FDC-42A3-9474-1A3956D46DE8}") = "Solution Items", "Solution Items", "{7F81C8DE-1928-4AF9-9E57-5EFA3C3DE681}"
	ProjectSection(SolutionItems) = preProject
		.editorconfig = .editorconfig
	EndProjectSection
EndProject
Global
	GlobalSection(SolutionConfigurationPlatforms) = preSolution
		Debug|x64 = Debug|x64
		Release|x64 = Release|x64
	EndGlobalSection
	GlobalSection(ProjectConfigurationPlatforms) = postSolution
		{D4AC73A5-53BF-4C0E-AEFD-245808DBC7B1}.Debug|x64.ActiveCfg = Debug|x64
		{D4AC73A5-53BF-4C0E-AEFD-245808DBC7B1}.Debug|x64.Build.0 = Debug|x64
		{D4AC73A5-53BF-4C0E-AEFD-245808DBC7B1}.Release|x64.ActiveCfg = Release|x64
		{D4AC73A5-53BF-4C0E-AEFD-245808DBC7B1}.Release|x64.Build.0 = Release|x64
	EndGlobalSection
	GlobalSection(SolutionProperties) = preSolution
		HideSolutionNode = FALSE
	EndGlobalSection
	GlobalSection(ExtensibilityGlobals) = postSolution
		SolutionGuid = {4E0B155B-4782-454D-B313-6F917B078A0E}
	EndGlobalSection
EndGlobal
